// !$*UTF8*$!
{
	archiveVersion = 1;
	classes = {
	};
	objectVersion = 50;
	objects = {

/* Begin PBXBuildFile section */
		53E01488261733BB0055B79C /* AppDelegate.swift in Sources */ = {isa = PBXBuildFile; fileRef = 53E01487261733BB0055B79C /* AppDelegate.swift */; };
		53E0148A261733BB0055B79C /* SceneDelegate.swift in Sources */ = {isa = PBXBuildFile; fileRef = 53E01489261733BB0055B79C /* SceneDelegate.swift */; };
		53E0148C261733BB0055B79C /* ViewController.swift in Sources */ = {isa = PBXBuildFile; fileRef = 53E0148B261733BB0055B79C /* ViewController.swift */; };
		53E0148F261733BB0055B79C /* Main.storyboard in Resources */ = {isa = PBXBuildFile; fileRef = 53E0148D261733BB0055B79C /* Main.storyboard */; };
		53E01491261733C00055B79C /* Assets.xcassets in Resources */ = {isa = PBXBuildFile; fileRef = 53E01490261733C00055B79C /* Assets.xcassets */; };
		53E01494261733C00055B79C /* LaunchScreen.storyboard in Resources */ = {isa = PBXBuildFile; fileRef = 53E01492261733C00055B79C /* LaunchScreen.storyboard */; };
		53E014A3261734800055B79C /* Media.xcassets in Resources */ = {isa = PBXBuildFile; fileRef = 53E014A2261734800055B79C /* Media.xcassets */; };
		53E014A5261734800055B79C /* ActionViewController.swift in Sources */ = {isa = PBXBuildFile; fileRef = 53E014A4261734800055B79C /* ActionViewController.swift */; };
		53E014A8261734800055B79C /* MainInterface.storyboard in Resources */ = {isa = PBXBuildFile; fileRef = 53E014A6261734800055B79C /* MainInterface.storyboard */; };
		53E014AC261734800055B79C /* Extension.appex in Embed App Extensions */ = {isa = PBXBuildFile; fileRef = 53E014A0261734800055B79C /* Extension.appex */; settings = {ATTRIBUTES = (RemoveHeadersOnCopy, ); }; };
		53E014B4261737170055B79C /* Action.js in Resources */ = {isa = PBXBuildFile; fileRef = 53E014B3261737170055B79C /* Action.js */; };
/* End PBXBuildFile section */

/* Begin PBXContainerItemProxy section */
		53E014AA261734800055B79C /* PBXContainerItemProxy */ = {
			isa = PBXContainerItemProxy;
			containerPortal = 53E0147C261733BB0055B79C /* Project object */;
			proxyType = 1;
			remoteGlobalIDString = 53E0149F261734800055B79C;
			remoteInfo = Extension;
		};
/* End PBXContainerItemProxy section */

/* Begin PBXCopyFilesBuildPhase section */
		53E014B0261734800055B79C /* Embed App Extensions */ = {
			isa = PBXCopyFilesBuildPhase;
			buildActionMask = 2147483647;
			dstPath = "";
			dstSubfolderSpec = 13;
			files = (
				53E014AC261734800055B79C /* Extension.appex in Embed App Extensions */,
			);
			name = "Embed App Extensions";
			runOnlyForDeploymentPostprocessing = 0;
		};
/* End PBXCopyFilesBuildPhase section */

/* Begin PBXFileReference section */
		53E01484261733BB0055B79C /* Project19.app */ = {isa = PBXFileReference; explicitFileType = wrapper.application; includeInIndex = 0; path = Project19.app; sourceTree = BUILT_PRODUCTS_DIR; };
		53E01487261733BB0055B79C /* AppDelegate.swift */ = {isa = PBXFileReference; lastKnownFileType = sourcecode.swift; path = AppDelegate.swift; sourceTree = "<group>"; };
		53E01489261733BB0055B79C /* SceneDelegate.swift */ = {isa = PBXFileReference; lastKnownFileType = sourcecode.swift; path = SceneDelegate.swift; sourceTree = "<group>"; };
		53E0148B261733BB0055B79C /* ViewController.swift */ = {isa = PBXFileReference; lastKnownFileType = sourcecode.swift; path = ViewController.swift; sourceTree = "<group>"; };
		53E0148E261733BB0055B79C /* Base */ = {isa = PBXFileReference; lastKnownFileType = file.storyboard; name = Base; path = Base.lproj/Main.storyboard; sourceTree = "<group>"; };
		53E01490261733C00055B79C /* Assets.xcassets */ = {isa = PBXFileReference; lastKnownFileType = folder.assetcatalog; path = Assets.xcassets; sourceTree = "<group>"; };
		53E01493261733C00055B79C /* Base */ = {isa = PBXFileReference; lastKnownFileType = file.storyboard; name = Base; path = Base.lproj/LaunchScreen.storyboard; sourceTree = "<group>"; };
		53E01495261733C00055B79C /* Info.plist */ = {isa = PBXFileReference; lastKnownFileType = text.plist.xml; path = Info.plist; sourceTree = "<group>"; };
		53E014A0261734800055B79C /* Extension.appex */ = {isa = PBXFileReference; explicitFileType = "wrapper.app-extension"; includeInIndex = 0; path = Extension.appex; sourceTree = BUILT_PRODUCTS_DIR; };
		53E014A2261734800055B79C /* Media.xcassets */ = {isa = PBXFileReference; lastKnownFileType = folder.assetcatalog; path = Media.xcassets; sourceTree = "<group>"; };
		53E014A4261734800055B79C /* ActionViewController.swift */ = {isa = PBXFileReference; lastKnownFileType = sourcecode.swift; path = ActionViewController.swift; sourceTree = "<group>"; };
		53E014A7261734800055B79C /* Base */ = {isa = PBXFileReference; lastKnownFileType = file.storyboard; name = Base; path = Base.lproj/MainInterface.storyboard; sourceTree = "<group>"; };
		53E014A9261734800055B79C /* Info.plist */ = {isa = PBXFileReference; lastKnownFileType = text.plist.xml; path = Info.plist; sourceTree = "<group>"; };
		53E014B3261737170055B79C /* Action.js */ = {isa = PBXFileReference; lastKnownFileType = sourcecode.javascript; path = Action.js; sourceTree = "<group>"; };
/* End PBXFileReference section */

/* Begin PBXFrameworksBuildPhase section */
		53E01481261733BB0055B79C /* Frameworks */ = {
			isa = PBXFrameworksBuildPhase;
			buildActionMask = 2147483647;
			files = (
			);
			runOnlyForDeploymentPostprocessing = 0;
		};
		53E0149D261734800055B79C /* Frameworks */ = {
			isa = PBXFrameworksBuildPhase;
			buildActionMask = 2147483647;
			files = (
			);
			runOnlyForDeploymentPostprocessing = 0;
		};
/* End PBXFrameworksBuildPhase section */

/* Begin PBXGroup section */
		53E0147B261733BB0055B79C = {
			isa = PBXGroup;
			children = (
				53E01486261733BB0055B79C /* Project19 */,
				53E014A1261734800055B79C /* Extension */,
				53E01485261733BB0055B79C /* Products */,
			);
			sourceTree = "<group>";
		};
		53E01485261733BB0055B79C /* Products */ = {
			isa = PBXGroup;
			children = (
				53E01484261733BB0055B79C /* Project19.app */,
				53E014A0261734800055B79C /* Extension.appex */,
			);
			name = Products;
			sourceTree = "<group>";
		};
		53E01486261733BB0055B79C /* Project19 */ = {
			isa = PBXGroup;
			children = (
				53E01487261733BB0055B79C /* AppDelegate.swift */,
				53E01489261733BB0055B79C /* SceneDelegate.swift */,
				53E0148B261733BB0055B79C /* ViewController.swift */,
				53E0148D261733BB0055B79C /* Main.storyboard */,
				53E01490261733C00055B79C /* Assets.xcassets */,
				53E01492261733C00055B79C /* LaunchScreen.storyboard */,
				53E01495261733C00055B79C /* Info.plist */,
			);
			path = Project19;
			sourceTree = "<group>";
		};
		53E014A1261734800055B79C /* Extension */ = {
			isa = PBXGroup;
			children = (
				53E014A2261734800055B79C /* Media.xcassets */,
				53E014A4261734800055B79C /* ActionViewController.swift */,
				53E014A6261734800055B79C /* MainInterface.storyboard */,
				53E014A9261734800055B79C /* Info.plist */,
				53E014B3261737170055B79C /* Action.js */,
			);
			path = Extension;
			sourceTree = "<group>";
		};
/* End PBXGroup section */

/* Begin PBXNativeTarget section */
		53E01483261733BB0055B79C /* Project19 */ = {
			isa = PBXNativeTarget;
			buildConfigurationList = 53E01498261733C00055B79C /* Build configuration list for PBXNativeTarget "Project19" */;
			buildPhases = (
				53E01480261733BB0055B79C /* Sources */,
				53E01481261733BB0055B79C /* Frameworks */,
				53E01482261733BB0055B79C /* Resources */,
				53E014B0261734800055B79C /* Embed App Extensions */,
			);
			buildRules = (
			);
			dependencies = (
				53E014AB261734800055B79C /* PBXTargetDependency */,
			);
			name = Project19;
			productName = Project19;
			productReference = 53E01484261733BB0055B79C /* Project19.app */;
			productType = "com.apple.product-type.application";
		};
		53E0149F261734800055B79C /* Extension */ = {
			isa = PBXNativeTarget;
			buildConfigurationList = 53E014AD261734800055B79C /* Build configuration list for PBXNativeTarget "Extension" */;
			buildPhases = (
				53E0149C261734800055B79C /* Sources */,
				53E0149D261734800055B79C /* Frameworks */,
				53E0149E261734800055B79C /* Resources */,
			);
			buildRules = (
			);
			dependencies = (
			);
			name = Extension;
			productName = Extension;
			productReference = 53E014A0261734800055B79C /* Extension.appex */;
			productType = "com.apple.product-type.app-extension";
		};
/* End PBXNativeTarget section */

/* Begin PBXProject section */
		53E0147C261733BB0055B79C /* Project object */ = {
			isa = PBXProject;
			attributes = {
				LastSwiftUpdateCheck = 1240;
				LastUpgradeCheck = 1240;
				TargetAttributes = {
					53E01483261733BB0055B79C = {
						CreatedOnToolsVersion = 12.4;
					};
					53E0149F261734800055B79C = {
						CreatedOnToolsVersion = 12.4;
					};
				};
			};
			buildConfigurationList = 53E0147F261733BB0055B79C /* Build configuration list for PBXProject "Project19" */;
			compatibilityVersion = "Xcode 9.3";
			developmentRegion = en;
			hasScannedForEncodings = 0;
			knownRegions = (
				en,
				Base,
			);
			mainGroup = 53E0147B261733BB0055B79C;
			productRefGroup = 53E01485261733BB0055B79C /* Products */;
			projectDirPath = "";
			projectRoot = "";
			targets = (
				53E01483261733BB0055B79C /* Project19 */,
				53E0149F261734800055B79C /* Extension */,
			);
		};
/* End PBXProject section */

/* Begin PBXResourcesBuildPhase section */
		53E01482261733BB0055B79C /* Resources */ = {
			isa = PBXResourcesBuildPhase;
			buildActionMask = 2147483647;
			files = (
				53E01494261733C00055B79C /* LaunchScreen.storyboard in Resources */,
				53E01491261733C00055B79C /* Assets.xcassets in Resources */,
				53E0148F261733BB0055B79C /* Main.storyboard in Resources */,
			);
			runOnlyForDeploymentPostprocessing = 0;
		};
		53E0149E261734800055B79C /* Resources */ = {
			isa = PBXResourcesBuildPhase;
			buildActionMask = 2147483647;
			files = (
				53E014B4261737170055B79C /* Action.js in Resources */,
				53E014A3261734800055B79C /* Media.xcassets in Resources */,
				53E014A8261734800055B79C /* MainInterface.storyboard in Resources */,
			);
			runOnlyForDeploymentPostprocessing = 0;
		};
/* End PBXResourcesBuildPhase section */

/* Begin PBXSourcesBuildPhase section */
		53E01480261733BB0055B79C /* Sources */ = {
			isa = PBXSourcesBuildPhase;
			buildActionMask = 2147483647;
			files = (
				53E0148C261733BB0055B79C /* ViewController.swift in Sources */,
				53E01488261733BB0055B79C /* AppDelegate.swift in Sources */,
				53E0148A261733BB0055B79C /* SceneDelegate.swift in Sources */,
			);
			runOnlyForDeploymentPostprocessing = 0;
		};
		53E0149C261734800055B79C /* Sources */ = {
			isa = PBXSourcesBuildPhase;
			buildActionMask = 2147483647;
			files = (
				53E014A5261734800055B79C /* ActionViewController.swift in Sources */,
			);
			runOnlyForDeploymentPostprocessing = 0;
		};
/* End PBXSourcesBuildPhase section */

/* Begin PBXTargetDependency section */
		53E014AB261734800055B79C /* PBXTargetDependency */ = {
			isa = PBXTargetDependency;
			target = 53E0149F261734800055B79C /* Extension */;
			targetProxy = 53E014AA261734800055B79C /* PBXContainerItemProxy */;
		};
/* End PBXTargetDependency section */

/* Begin PBXVariantGroup section */
		53E0148D261733BB0055B79C /* Main.storyboard */ = {
			isa = PBXVariantGroup;
			children = (
				53E0148E261733BB0055B79C /* Base */,
			);
			name = Main.storyboard;
			sourceTree = "<group>";
		};
		53E01492261733C00055B79C /* LaunchScreen.storyboard */ = {
			isa = PBXVariantGroup;
			children = (
				53E01493261733C00055B79C /* Base */,
			);
			name = LaunchScreen.storyboard;
			sourceTree = "<group>";
		};
		53E014A6261734800055B79C /* MainInterface.storyboard */ = {
			isa = PBXVariantGroup;
			children = (
				53E014A7261734800055B79C /* Base */,
			);
			name = MainInterface.storyboard;
			sourceTree = "<group>";
		};
/* End PBXVariantGroup section */

/* Begin XCBuildConfiguration section */
		53E01496261733C00055B79C /* Debug */ = {
			isa = XCBuildConfiguration;
			buildSettings = {
				ALWAYS_SEARCH_USER_PATHS = NO;
				CLANG_ANALYZER_NONNULL = YES;
				CLANG_ANALYZER_NUMBER_OBJECT_CONVERSION = YES_AGGRESSIVE;
				CLANG_CXX_LANGUAGE_STANDARD = "gnu++14";
				CLANG_CXX_LIBRARY = "libc++";
				CLANG_ENABLE_MODULES = YES;
				CLANG_ENABLE_OBJC_ARC = YES;
				CLANG_ENABLE_OBJC_WEAK = YES;
				CLANG_WARN_BLOCK_CAPTURE_AUTORELEASING = YES;
				CLANG_WARN_BOOL_CONVERSION = YES;
				CLANG_WARN_COMMA = YES;
				CLANG_WARN_CONSTANT_CONVERSION = YES;
				CLANG_WARN_DEPRECATED_OBJC_IMPLEMENTATIONS = YES;
				CLANG_WARN_DIRECT_OBJC_ISA_USAGE = YES_ERROR;
				CLANG_WARN_DOCUMENTATION_COMMENTS = YES;
				CLANG_WARN_EMPTY_BODY = YES;
				CLANG_WARN_ENUM_CONVERSION = YES;
				CLANG_WARN_INFINITE_RECURSION = YES;
				CLANG_WARN_INT_CONVERSION = YES;
				CLANG_WARN_NON_LITERAL_NULL_CONVERSION = YES;
				CLANG_WARN_OBJC_IMPLICIT_RETAIN_SELF = YES;
				CLANG_WARN_OBJC_LITERAL_CONVERSION = YES;
				CLANG_WARN_OBJC_ROOT_CLASS = YES_ERROR;
				CLANG_WARN_QUOTED_INCLUDE_IN_FRAMEWORK_HEADER = YES;
				CLANG_WARN_RANGE_LOOP_ANALYSIS = YES;
				CLANG_WARN_STRICT_PROTOTYPES = YES;
				CLANG_WARN_SUSPICIOUS_MOVE = YES;
				CLANG_WARN_UNGUARDED_AVAILABILITY = YES_AGGRESSIVE;
				CLANG_WARN_UNREACHABLE_CODE = YES;
				CLANG_WARN__DUPLICATE_METHOD_MATCH = YES;
				COPY_PHASE_STRIP = NO;
				DEBUG_INFORMATION_FORMAT = dwarf;
				ENABLE_STRICT_OBJC_MSGSEND = YES;
				ENABLE_TESTABILITY = YES;
				GCC_C_LANGUAGE_STANDARD = gnu11;
				GCC_DYNAMIC_NO_PIC = NO;
				GCC_NO_COMMON_BLOCKS = YES;
				GCC_OPTIMIZATION_LEVEL = 0;
				GCC_PREPROCESSOR_DEFINITIONS = (
					"DEBUG=1",
					"$(inherited)",
				);
				GCC_WARN_64_TO_32_BIT_CONVERSION = YES;
				GCC_WARN_ABOUT_RETURN_TYPE = YES_ERROR;
				GCC_WARN_UNDECLARED_SELECTOR = YES;
				GCC_WARN_UNINITIALIZED_AUTOS = YES_AGGRESSIVE;
				GCC_WARN_UNUSED_FUNCTION = YES;
				GCC_WARN_UNUSED_VARIABLE = YES;
				IPHONEOS_DEPLOYMENT_TARGET = 14.4;
				MTL_ENABLE_DEBUG_INFO = INCLUDE_SOURCE;
				MTL_FAST_MATH = YES;
				ONLY_ACTIVE_ARCH = YES;
				SDKROOT = iphoneos;
				SWIFT_ACTIVE_COMPILATION_CONDITIONS = DEBUG;
				SWIFT_OPTIMIZATION_LEVEL = "-Onone";
			};
			name = Debug;
		};
		53E01497261733C00055B79C /* Release */ = {
			isa = XCBuildConfiguration;
			buildSettings = {
				ALWAYS_SEARCH_USER_PATHS = NO;
				CLANG_ANALYZER_NONNULL = YES;
				CLANG_ANALYZER_NUMBER_OBJECT_CONVERSION = YES_AGGRESSIVE;
				CLANG_CXX_LANGUAGE_STANDARD = "gnu++14";
				CLANG_CXX_LIBRARY = "libc++";
				CLANG_ENABLE_MODULES = YES;
				CLANG_ENABLE_OBJC_ARC = YES;
				CLANG_ENABLE_OBJC_WEAK = YES;
				CLANG_WARN_BLOCK_CAPTURE_AUTORELEASING = YES;
				CLANG_WARN_BOOL_CONVERSION = YES;
				CLANG_WARN_COMMA = YES;
				CLANG_WARN_CONSTANT_CONVERSION = YES;
				CLANG_WARN_DEPRECATED_OBJC_IMPLEMENTATIONS = YES;
				CLANG_WARN_DIRECT_OBJC_ISA_USAGE = YES_ERROR;
				CLANG_WARN_DOCUMENTATION_COMMENTS = YES;
				CLANG_WARN_EMPTY_BODY = YES;
				CLANG_WARN_ENUM_CONVERSION = YES;
				CLANG_WARN_INFINITE_RECURSION = YES;
				CLANG_WARN_INT_CONVERSION = YES;
				CLANG_WARN_NON_LITERAL_NULL_CONVERSION = YES;
				CLANG_WARN_OBJC_IMPLICIT_RETAIN_SELF = YES;
				CLANG_WARN_OBJC_LITERAL_CONVERSION = YES;
				CLANG_WARN_OBJC_ROOT_CLASS = YES_ERROR;
				CLANG_WARN_QUOTED_INCLUDE_IN_FRAMEWORK_HEADER = YES;
				CLANG_WARN_RANGE_LOOP_ANALYSIS = YES;
				CLANG_WARN_STRICT_PROTOTYPES = YES;
				CLANG_WARN_SUSPICIOUS_MOVE = YES;
				CLANG_WARN_UNGUARDED_AVAILABILITY = YES_AGGRESSIVE;
				CLANG_WARN_UNREACHABLE_CODE = YES;
				CLANG_WARN__DUPLICATE_METHOD_MATCH = YES;
				COPY_PHASE_STRIP = NO;
				DEBUG_INFORMATION_FORMAT = "dwarf-with-dsym";
				ENABLE_NS_ASSERTIONS = NO;
				ENABLE_STRICT_OBJC_MSGSEND = YES;
				GCC_C_LANGUAGE_STANDARD = gnu11;
				GCC_NO_COMMON_BLOCKS = YES;
				GCC_WARN_64_TO_32_BIT_CONVERSION = YES;
				GCC_WARN_ABOUT_RETURN_TYPE = YES_ERROR;
				GCC_WARN_UNDECLARED_SELECTOR = YES;
				GCC_WARN_UNINITIALIZED_AUTOS = YES_AGGRESSIVE;
				GCC_WARN_UNUSED_FUNCTION = YES;
				GCC_WARN_UNUSED_VARIABLE = YES;
				IPHONEOS_DEPLOYMENT_TARGET = 14.4;
				MTL_ENABLE_DEBUG_INFO = NO;
				MTL_FAST_MATH = YES;
				SDKROOT = iphoneos;
				SWIFT_COMPILATION_MODE = wholemodule;
				SWIFT_OPTIMIZATION_LEVEL = "-O";
				VALIDATE_PRODUCT = YES;
			};
			name = Release;
		};
		53E01499261733C00055B79C /* Debug */ = {
			isa = XCBuildConfiguration;
			buildSettings = {
				ALWAYS_EMBED_SWIFT_STANDARD_LIBRARIES = YES;
				ASSETCATALOG_COMPILER_APPICON_NAME = AppIcon;
				ASSETCATALOG_COMPILER_GLOBAL_ACCENT_COLOR_NAME = AccentColor;
				CODE_SIGN_STYLE = Automatic;
				DEVELOPMENT_TEAM = VR7223ZYQY;
				INFOPLIST_FILE = Project19/Info.plist;
				LD_RUNPATH_SEARCH_PATHS = (
					"$(inherited)",
					"@executable_path/Frameworks",
				);
				PRODUCT_BUNDLE_IDENTIFIER = dev.meltonlogan.Project19;
				PRODUCT_NAME = "$(TARGET_NAME)";
				SWIFT_VERSION = 5.0;
				TARGETED_DEVICE_FAMILY = "1,2";
			};
			name = Debug;
		};
		53E0149A261733C00055B79C /* Release */ = {
			isa = XCBuildConfiguration;
			buildSettings = {
				ALWAYS_EMBED_SWIFT_STANDARD_LIBRARIES = YES;
				ASSETCATALOG_COMPILER_APPICON_NAME = AppIcon;
				ASSETCATALOG_COMPILER_GLOBAL_ACCENT_COLOR_NAME = AccentColor;
				CODE_SIGN_STYLE = Automatic;
				DEVELOPMENT_TEAM = VR7223ZYQY;
				INFOPLIST_FILE = Project19/Info.plist;
				LD_RUNPATH_SEARCH_PATHS = (
					"$(inherited)",
					"@executable_path/Frameworks",
				);
				PRODUCT_BUNDLE_IDENTIFIER = dev.meltonlogan.Project19;
				PRODUCT_NAME = "$(TARGET_NAME)";
				SWIFT_VERSION = 5.0;
				TARGETED_DEVICE_FAMILY = "1,2";
			};
			name = Release;
		};
		53E014AE261734800055B79C /* Debug */ = {
			isa = XCBuildConfiguration;
			buildSettings = {
				CODE_SIGN_STYLE = Automatic;
				DEVELOPMENT_TEAM = VR7223ZYQY;
				INFOPLIST_FILE = Extension/Info.plist;
				LD_RUNPATH_SEARCH_PATHS = (
					"$(inherited)",
					"@executable_path/Frameworks",
					"@executable_path/../../Frameworks",
				);
				PRODUCT_BUNDLE_IDENTIFIER = dev.meltonlogan.Project19.Extension;
				PRODUCT_NAME = "$(TARGET_NAME)";
				SKIP_INSTALL = YES;
				SWIFT_VERSION = 5.0;
				TARGETED_DEVICE_FAMILY = "1,2";
			};
			name = Debug;
		};
		53E014AF261734800055B79C /* Release */ = {
			isa = XCBuildConfiguration;
			buildSettings = {
				CODE_SIGN_STYLE = Automatic;
				DEVELOPMENT_TEAM = VR7223ZYQY;
				INFOPLIST_FILE = Extension/Info.plist;
				LD_RUNPATH_SEARCH_PATHS = (
					"$(inherited)",
					"@executable_path/Frameworks",
					"@executable_path/../../Frameworks",
				);
				PRODUCT_BUNDLE_IDENTIFIER = dev.meltonlogan.Project19.Extension;
				PRODUCT_NAME = "$(TARGET_NAME)";
				SKIP_INSTALL = YES;
				SWIFT_VERSION = 5.0;
				TARGETED_DEVICE_FAMILY = "1,2";
			};
			name = Release;
		};
/* End XCBuildConfiguration section */

/* Begin XCConfigurationList section */
		53E0147F261733BB0055B79C /* Build configuration list for PBXProject "Project19" */ = {
			isa = XCConfigurationList;
			buildConfigurations = (
				53E01496261733C00055B79C /* Debug */,
				53E01497261733C00055B79C /* Release */,
			);
			defaultConfigurationIsVisible = 0;
			defaultConfigurationName = Release;
		};
		53E01498261733C00055B79C /* Build configuration list for PBXNativeTarget "Project19" */ = {
			isa = XCConfigurationList;
			buildConfigurations = (
				53E01499261733C00055B79C /* Debug */,
				53E0149A261733C00055B79C /* Release */,
			);
			defaultConfigurationIsVisible = 0;
			defaultConfigurationName = Release;
		};
		53E014AD261734800055B79C /* Build configuration list for PBXNativeTarget "Extension" */ = {
			isa = XCConfigurationList;
			buildConfigurations = (
				53E014AE261734800055B79C /* Debug */,
				53E014AF261734800055B79C /* Release */,
			);
			defaultConfigurationIsVisible = 0;
			defaultConfigurationName = Release;
		};
/* End XCConfigurationList section */
	};
	rootObject = 53E0147C261733BB0055B79C /* Project object */;
}
