// !$*UTF8*$!
{
	archiveVersion = 1;
	classes = {
	};
	objectVersion = 50;
	objects = {

/* Begin PBXBuildFile section */
		535B9B3425FDB5E30095DA96 /* AppDelegate.swift in Sources */ = {isa = PBXBuildFile; fileRef = 535B9B3325FDB5E30095DA96 /* AppDelegate.swift */; };
		535B9B3625FDB5E30095DA96 /* SceneDelegate.swift in Sources */ = {isa = PBXBuildFile; fileRef = 535B9B3525FDB5E30095DA96 /* SceneDelegate.swift */; };
		535B9B3825FDB5E30095DA96 /* WebViewController.swift in Sources */ = {isa = PBXBuildFile; fileRef = 535B9B3725FDB5E30095DA96 /* WebViewController.swift */; };
		535B9B3B25FDB5E30095DA96 /* Main.storyboard in Resources */ = {isa = PBXBuildFile; fileRef = 535B9B3925FDB5E30095DA96 /* Main.storyboard */; };
		535B9B3D25FDB5E70095DA96 /* Assets.xcassets in Resources */ = {isa = PBXBuildFile; fileRef = 535B9B3C25FDB5E70095DA96 /* Assets.xcassets */; };
		535B9B4025FDB5E70095DA96 /* LaunchScreen.storyboard in Resources */ = {isa = PBXBuildFile; fileRef = 535B9B3E25FDB5E70095DA96 /* LaunchScreen.storyboard */; };
		535B9B4A25FDB6610095DA96 /* TableViewController.swift in Sources */ = {isa = PBXBuildFile; fileRef = 535B9B4925FDB6610095DA96 /* TableViewController.swift */; };
/* End PBXBuildFile section */

/* Begin PBXFileReference section */
		535B9B3025FDB5E30095DA96 /* Project4pt2.app */ = {isa = PBXFileReference; explicitFileType = wrapper.application; includeInIndex = 0; path = Project4pt2.app; sourceTree = BUILT_PRODUCTS_DIR; };
		535B9B3325FDB5E30095DA96 /* AppDelegate.swift */ = {isa = PBXFileReference; lastKnownFileType = sourcecode.swift; path = AppDelegate.swift; sourceTree = "<group>"; };
		535B9B3525FDB5E30095DA96 /* SceneDelegate.swift */ = {isa = PBXFileReference; lastKnownFileType = sourcecode.swift; path = SceneDelegate.swift; sourceTree = "<group>"; };
		535B9B3725FDB5E30095DA96 /* WebViewController.swift */ = {isa = PBXFileReference; lastKnownFileType = sourcecode.swift; path = WebViewController.swift; sourceTree = "<group>"; };
		535B9B3A25FDB5E30095DA96 /* Base */ = {isa = PBXFileReference; lastKnownFileType = file.storyboard; name = Base; path = Base.lproj/Main.storyboard; sourceTree = "<group>"; };
		535B9B3C25FDB5E70095DA96 /* Assets.xcassets */ = {isa = PBXFileReference; lastKnownFileType = folder.assetcatalog; path = Assets.xcassets; sourceTree = "<group>"; };
		535B9B3F25FDB5E70095DA96 /* Base */ = {isa = PBXFileReference; lastKnownFileType = file.storyboard; name = Base; path = Base.lproj/LaunchScreen.storyboard; sourceTree = "<group>"; };
		535B9B4125FDB5E70095DA96 /* Info.plist */ = {isa = PBXFileReference; lastKnownFileType = text.plist.xml; path = Info.plist; sourceTree = "<group>"; };
		535B9B4925FDB6610095DA96 /* TableViewController.swift */ = {isa = PBXFileReference; lastKnownFileType = sourcecode.swift; path = TableViewController.swift; sourceTree = "<group>"; };
/* End PBXFileReference section */

/* Begin PBXFrameworksBuildPhase section */
		535B9B2D25FDB5E30095DA96 /* Frameworks */ = {
			isa = PBXFrameworksBuildPhase;
			buildActionMask = 2147483647;
			files = (
			);
			runOnlyForDeploymentPostprocessing = 0;
		};
/* End PBXFrameworksBuildPhase section */

/* Begin PBXGroup section */
		535B9B2725FDB5E30095DA96 = {
			isa = PBXGroup;
			children = (
				535B9B3225FDB5E30095DA96 /* Project4pt2 */,
				535B9B3125FDB5E30095DA96 /* Products */,
			);
			sourceTree = "<group>";
		};
		535B9B3125FDB5E30095DA96 /* Products */ = {
			isa = PBXGroup;
			children = (
				535B9B3025FDB5E30095DA96 /* Project4pt2.app */,
			);
			name = Products;
			sourceTree = "<group>";
		};
		535B9B3225FDB5E30095DA96 /* Project4pt2 */ = {
			isa = PBXGroup;
			children = (
				535B9B3325FDB5E30095DA96 /* AppDelegate.swift */,
				535B9B3525FDB5E30095DA96 /* SceneDelegate.swift */,
				535B9B4925FDB6610095DA96 /* TableViewController.swift */,
				535B9B3725FDB5E30095DA96 /* WebViewController.swift */,
				535B9B3925FDB5E30095DA96 /* Main.storyboard */,
				535B9B3C25FDB5E70095DA96 /* Assets.xcassets */,
				535B9B3E25FDB5E70095DA96 /* LaunchScreen.storyboard */,
				535B9B4125FDB5E70095DA96 /* Info.plist */,
			);
			path = Project4pt2;
			sourceTree = "<group>";
		};
/* End PBXGroup section */

/* Begin PBXNativeTarget section */
		535B9B2F25FDB5E30095DA96 /* Project4pt2 */ = {
			isa = PBXNativeTarget;
			buildConfigurationList = 535B9B4425FDB5E70095DA96 /* Build configuration list for PBXNativeTarget "Project4pt2" */;
			buildPhases = (
				535B9B2C25FDB5E30095DA96 /* Sources */,
				535B9B2D25FDB5E30095DA96 /* Frameworks */,
				535B9B2E25FDB5E30095DA96 /* Resources */,
			);
			buildRules = (
			);
			dependencies = (
			);
			name = Project4pt2;
			productName = Project4pt2;
			productReference = 535B9B3025FDB5E30095DA96 /* Project4pt2.app */;
			productType = "com.apple.product-type.application";
		};
/* End PBXNativeTarget section */

/* Begin PBXProject section */
		535B9B2825FDB5E30095DA96 /* Project object */ = {
			isa = PBXProject;
			attributes = {
				LastSwiftUpdateCheck = 1240;
				LastUpgradeCheck = 1240;
				TargetAttributes = {
					535B9B2F25FDB5E30095DA96 = {
						CreatedOnToolsVersion = 12.4;
					};
				};
			};
			buildConfigurationList = 535B9B2B25FDB5E30095DA96 /* Build configuration list for PBXProject "Project4pt2" */;
			compatibilityVersion = "Xcode 9.3";
			developmentRegion = en;
			hasScannedForEncodings = 0;
			knownRegions = (
				en,
				Base,
			);
			mainGroup = 535B9B2725FDB5E30095DA96;
			productRefGroup = 535B9B3125FDB5E30095DA96 /* Products */;
			projectDirPath = "";
			projectRoot = "";
			targets = (
				535B9B2F25FDB5E30095DA96 /* Project4pt2 */,
			);
		};
/* End PBXProject section */

/* Begin PBXResourcesBuildPhase section */
		535B9B2E25FDB5E30095DA96 /* Resources */ = {
			isa = PBXResourcesBuildPhase;
			buildActionMask = 2147483647;
			files = (
				535B9B4025FDB5E70095DA96 /* LaunchScreen.storyboard in Resources */,
				535B9B3D25FDB5E70095DA96 /* Assets.xcassets in Resources */,
				535B9B3B25FDB5E30095DA96 /* Main.storyboard in Resources */,
			);
			runOnlyForDeploymentPostprocessing = 0;
		};
/* End PBXResourcesBuildPhase section */

/* Begin PBXSourcesBuildPhase section */
		535B9B2C25FDB5E30095DA96 /* Sources */ = {
			isa = PBXSourcesBuildPhase;
			buildActionMask = 2147483647;
			files = (
				535B9B3825FDB5E30095DA96 /* WebViewController.swift in Sources */,
				535B9B3425FDB5E30095DA96 /* AppDelegate.swift in Sources */,
				535B9B3625FDB5E30095DA96 /* SceneDelegate.swift in Sources */,
				535B9B4A25FDB6610095DA96 /* TableViewController.swift in Sources */,
			);
			runOnlyForDeploymentPostprocessing = 0;
		};
/* End PBXSourcesBuildPhase section */

/* Begin PBXVariantGroup section */
		535B9B3925FDB5E30095DA96 /* Main.storyboard */ = {
			isa = PBXVariantGroup;
			children = (
				535B9B3A25FDB5E30095DA96 /* Base */,
			);
			name = Main.storyboard;
			sourceTree = "<group>";
		};
		535B9B3E25FDB5E70095DA96 /* LaunchScreen.storyboard */ = {
			isa = PBXVariantGroup;
			children = (
				535B9B3F25FDB5E70095DA96 /* Base */,
			);
			name = LaunchScreen.storyboard;
			sourceTree = "<group>";
		};
/* End PBXVariantGroup section */

/* Begin XCBuildConfiguration section */
		535B9B4225FDB5E70095DA96 /* Debug */ = {
			isa = XCBuildConfiguration;
			buildSettings = {
				ALWAYS_SEARCH_USER_PATHS = NO;
				CLANG_ANALYZER_NONNULL = YES;
				CLANG_ANALYZER_NUMBER_OBJECT_CONVERSION = YES_AGGRESSIVE;
				CLANG_CXX_LANGUAGE_STANDARD = "gnu++14";
				CLANG_CXX_LIBRARY = "libc++";
				CLANG_ENABLE_MODULES = YES;
				CLANG_ENABLE_OBJC_ARC = YES;
				CLANG_ENABLE_OBJC_WEAK = YES;
				CLANG_WARN_BLOCK_CAPTURE_AUTORELEASING = YES;
				CLANG_WARN_BOOL_CONVERSION = YES;
				CLANG_WARN_COMMA = YES;
				CLANG_WARN_CONSTANT_CONVERSION = YES;
				CLANG_WARN_DEPRECATED_OBJC_IMPLEMENTATIONS = YES;
				CLANG_WARN_DIRECT_OBJC_ISA_USAGE = YES_ERROR;
				CLANG_WARN_DOCUMENTATION_COMMENTS = YES;
				CLANG_WARN_EMPTY_BODY = YES;
				CLANG_WARN_ENUM_CONVERSION = YES;
				CLANG_WARN_INFINITE_RECURSION = YES;
				CLANG_WARN_INT_CONVERSION = YES;
				CLANG_WARN_NON_LITERAL_NULL_CONVERSION = YES;
				CLANG_WARN_OBJC_IMPLICIT_RETAIN_SELF = YES;
				CLANG_WARN_OBJC_LITERAL_CONVERSION = YES;
				CLANG_WARN_OBJC_ROOT_CLASS = YES_ERROR;
				CLANG_WARN_QUOTED_INCLUDE_IN_FRAMEWORK_HEADER = YES;
				CLANG_WARN_RANGE_LOOP_ANALYSIS = YES;
				CLANG_WARN_STRICT_PROTOTYPES = YES;
				CLANG_WARN_SUSPICIOUS_MOVE = YES;
				CLANG_WARN_UNGUARDED_AVAILABILITY = YES_AGGRESSIVE;
				CLANG_WARN_UNREACHABLE_CODE = YES;
				CLANG_WARN__DUPLICATE_METHOD_MATCH = YES;
				COPY_PHASE_STRIP = NO;
				DEBUG_INFORMATION_FORMAT = dwarf;
				ENABLE_STRICT_OBJC_MSGSEND = YES;
				ENABLE_TESTABILITY = YES;
				GCC_C_LANGUAGE_STANDARD = gnu11;
				GCC_DYNAMIC_NO_PIC = NO;
				GCC_NO_COMMON_BLOCKS = YES;
				GCC_OPTIMIZATION_LEVEL = 0;
				GCC_PREPROCESSOR_DEFINITIONS = (
					"DEBUG=1",
					"$(inherited)",
				);
				GCC_WARN_64_TO_32_BIT_CONVERSION = YES;
				GCC_WARN_ABOUT_RETURN_TYPE = YES_ERROR;
				GCC_WARN_UNDECLARED_SELECTOR = YES;
				GCC_WARN_UNINITIALIZED_AUTOS = YES_AGGRESSIVE;
				GCC_WARN_UNUSED_FUNCTION = YES;
				GCC_WARN_UNUSED_VARIABLE = YES;
				IPHONEOS_DEPLOYMENT_TARGET = 14.4;
				MTL_ENABLE_DEBUG_INFO = INCLUDE_SOURCE;
				MTL_FAST_MATH = YES;
				ONLY_ACTIVE_ARCH = YES;
				SDKROOT = iphoneos;
				SWIFT_ACTIVE_COMPILATION_CONDITIONS = DEBUG;
				SWIFT_OPTIMIZATION_LEVEL = "-Onone";
			};
			name = Debug;
		};
		535B9B4325FDB5E70095DA96 /* Release */ = {
			isa = XCBuildConfiguration;
			buildSettings = {
				ALWAYS_SEARCH_USER_PATHS = NO;
				CLANG_ANALYZER_NONNULL = YES;
				CLANG_ANALYZER_NUMBER_OBJECT_CONVERSION = YES_AGGRESSIVE;
				CLANG_CXX_LANGUAGE_STANDARD = "gnu++14";
				CLANG_CXX_LIBRARY = "libc++";
				CLANG_ENABLE_MODULES = YES;
				CLANG_ENABLE_OBJC_ARC = YES;
				CLANG_ENABLE_OBJC_WEAK = YES;
				CLANG_WARN_BLOCK_CAPTURE_AUTORELEASING = YES;
				CLANG_WARN_BOOL_CONVERSION = YES;
				CLANG_WARN_COMMA = YES;
				CLANG_WARN_CONSTANT_CONVERSION = YES;
				CLANG_WARN_DEPRECATED_OBJC_IMPLEMENTATIONS = YES;
				CLANG_WARN_DIRECT_OBJC_ISA_USAGE = YES_ERROR;
				CLANG_WARN_DOCUMENTATION_COMMENTS = YES;
				CLANG_WARN_EMPTY_BODY = YES;
				CLANG_WARN_ENUM_CONVERSION = YES;
				CLANG_WARN_INFINITE_RECURSION = YES;
				CLANG_WARN_INT_CONVERSION = YES;
				CLANG_WARN_NON_LITERAL_NULL_CONVERSION = YES;
				CLANG_WARN_OBJC_IMPLICIT_RETAIN_SELF = YES;
				CLANG_WARN_OBJC_LITERAL_CONVERSION = YES;
				CLANG_WARN_OBJC_ROOT_CLASS = YES_ERROR;
				CLANG_WARN_QUOTED_INCLUDE_IN_FRAMEWORK_HEADER = YES;
				CLANG_WARN_RANGE_LOOP_ANALYSIS = YES;
				CLANG_WARN_STRICT_PROTOTYPES = YES;
				CLANG_WARN_SUSPICIOUS_MOVE = YES;
				CLANG_WARN_UNGUARDED_AVAILABILITY = YES_AGGRESSIVE;
				CLANG_WARN_UNREACHABLE_CODE = YES;
				CLANG_WARN__DUPLICATE_METHOD_MATCH = YES;
				COPY_PHASE_STRIP = NO;
				DEBUG_INFORMATION_FORMAT = "dwarf-with-dsym";
				ENABLE_NS_ASSERTIONS = NO;
				ENABLE_STRICT_OBJC_MSGSEND = YES;
				GCC_C_LANGUAGE_STANDARD = gnu11;
				GCC_NO_COMMON_BLOCKS = YES;
				GCC_WARN_64_TO_32_BIT_CONVERSION = YES;
				GCC_WARN_ABOUT_RETURN_TYPE = YES_ERROR;
				GCC_WARN_UNDECLARED_SELECTOR = YES;
				GCC_WARN_UNINITIALIZED_AUTOS = YES_AGGRESSIVE;
				GCC_WARN_UNUSED_FUNCTION = YES;
				GCC_WARN_UNUSED_VARIABLE = YES;
				IPHONEOS_DEPLOYMENT_TARGET = 14.4;
				MTL_ENABLE_DEBUG_INFO = NO;
				MTL_FAST_MATH = YES;
				SDKROOT = iphoneos;
				SWIFT_COMPILATION_MODE = wholemodule;
				SWIFT_OPTIMIZATION_LEVEL = "-O";
				VALIDATE_PRODUCT = YES;
			};
			name = Release;
		};
		535B9B4525FDB5E70095DA96 /* Debug */ = {
			isa = XCBuildConfiguration;
			buildSettings = {
				ASSETCATALOG_COMPILER_APPICON_NAME = AppIcon;
				ASSETCATALOG_COMPILER_GLOBAL_ACCENT_COLOR_NAME = AccentColor;
				CODE_SIGN_STYLE = Automatic;
				DEVELOPMENT_TEAM = VR7223ZYQY;
				INFOPLIST_FILE = Project4pt2/Info.plist;
				LD_RUNPATH_SEARCH_PATHS = (
					"$(inherited)",
					"@executable_path/Frameworks",
				);
				PRODUCT_BUNDLE_IDENTIFIER = dev.meltonlogan.Project4pt2;
				PRODUCT_NAME = "$(TARGET_NAME)";
				SWIFT_VERSION = 5.0;
				TARGETED_DEVICE_FAMILY = "1,2";
			};
			name = Debug;
		};
		535B9B4625FDB5E70095DA96 /* Release */ = {
			isa = XCBuildConfiguration;
			buildSettings = {
				ASSETCATALOG_COMPILER_APPICON_NAME = AppIcon;
				ASSETCATALOG_COMPILER_GLOBAL_ACCENT_COLOR_NAME = AccentColor;
				CODE_SIGN_STYLE = Automatic;
				DEVELOPMENT_TEAM = VR7223ZYQY;
				INFOPLIST_FILE = Project4pt2/Info.plist;
				LD_RUNPATH_SEARCH_PATHS = (
					"$(inherited)",
					"@executable_path/Frameworks",
				);
				PRODUCT_BUNDLE_IDENTIFIER = dev.meltonlogan.Project4pt2;
				PRODUCT_NAME = "$(TARGET_NAME)";
				SWIFT_VERSION = 5.0;
				TARGETED_DEVICE_FAMILY = "1,2";
			};
			name = Release;
		};
/* End XCBuildConfiguration section */

/* Begin XCConfigurationList section */
		535B9B2B25FDB5E30095DA96 /* Build configuration list for PBXProject "Project4pt2" */ = {
			isa = XCConfigurationList;
			buildConfigurations = (
				535B9B4225FDB5E70095DA96 /* Debug */,
				535B9B4325FDB5E70095DA96 /* Release */,
			);
			defaultConfigurationIsVisible = 0;
			defaultConfigurationName = Release;
		};
		535B9B4425FDB5E70095DA96 /* Build configuration list for PBXNativeTarget "Project4pt2" */ = {
			isa = XCConfigurationList;
			buildConfigurations = (
				535B9B4525FDB5E70095DA96 /* Debug */,
				535B9B4625FDB5E70095DA96 /* Release */,
			);
			defaultConfigurationIsVisible = 0;
			defaultConfigurationName = Release;
		};
/* End XCConfigurationList section */
	};
	rootObject = 535B9B2825FDB5E30095DA96 /* Project object */;
}
